
Microsoft Visual Studio Solution File, Format Version 12.00
# Visual Studio Version 17
VisualStudioVersion = 17.1.32407.343
MinimumVisualStudioVersion = 10.0.40219.1
Project("{9A19103F-16F7-4668-BE54-9A1E7A4F7556}") = "CKK.Logic", "CKK.Logic\CKK.Logic.csproj", "{8746F864-C415-4041-A4A0-94F8EB84B1BA}"
EndProject
Project("{9A19103F-16F7-4668-BE54-9A1E7A4F7556}") = "TestCKKProject", "TestCKKProject\TestCKKProject.csproj", "{7196B581-2033-4E91-B748-47DF939C8700}"
EndProject
Project("{9A19103F-16F7-4668-BE54-9A1E7A4F7556}") = "CKK.DB", "CKK.DB\CKK.DB.csproj", "{F4935039-F549-4C80-99C7-891822963388}"
EndProject
Project("{9A19103F-16F7-4668-BE54-9A1E7A4F7556}") = "CKK.GUI", "CKK.UI\CKK.GUI.csproj", "{131BECD9-3B11-49EF-A412-A43B17DFCA8A}"
	ProjectSection(ProjectDependencies) = postProject
		{8746F864-C415-4041-A4A0-94F8EB84B1BA} = {8746F864-C415-4041-A4A0-94F8EB84B1BA}
		{F4935039-F549-4C80-99C7-891822963388} = {F4935039-F549-4C80-99C7-891822963388}
	EndProjectSection
EndProject
Project("{FAE04EC0-301F-11D3-BF4B-00C04F79EFBC}") = "CKK.Online", "CKK.Online\CKK.Online.csproj", "{370C63FE-7A63-4E4F-B009-2C312CECF094}"
EndProject
Global
	GlobalSection(SolutionConfigurationPlatforms) = preSolution
		Debug|Any CPU = Debug|Any CPU
		Release|Any CPU = Release|Any CPU
	EndGlobalSection
	GlobalSection(ProjectConfigurationPlatforms) = postSolution
		{8746F864-C415-4041-A4A0-94F8EB84B1BA}.Debug|Any CPU.ActiveCfg = Debug|Any CPU
		{8746F864-C415-4041-A4A0-94F8EB84B1BA}.Debug|Any CPU.Build.0 = Debug|Any CPU
		{8746F864-C415-4041-A4A0-94F8EB84B1BA}.Release|Any CPU.ActiveCfg = Release|Any CPU
		{8746F864-C415-4041-A4A0-94F8EB84B1BA}.Release|Any CPU.Build.0 = Release|Any CPU
		{7196B581-2033-4E91-B748-47DF939C8700}.Debug|Any CPU.ActiveCfg = Debug|Any CPU
		{7196B581-2033-4E91-B748-47DF939C8700}.Debug|Any CPU.Build.0 = Debug|Any CPU
		{7196B581-2033-4E91-B748-47DF939C8700}.Release|Any CPU.ActiveCfg = Release|Any CPU
		{7196B581-2033-4E91-B748-47DF939C8700}.Release|Any CPU.Build.0 = Release|Any CPU
		{F4935039-F549-4C80-99C7-891822963388}.Debug|Any CPU.ActiveCfg = Debug|Any CPU
		{F4935039-F549-4C80-99C7-891822963388}.Debug|Any CPU.Build.0 = Debug|Any CPU
		{F4935039-F549-4C80-99C7-891822963388}.Release|Any CPU.ActiveCfg = Release|Any CPU
		{F4935039-F549-4C80-99C7-891822963388}.Release|Any CPU.Build.0 = Release|Any CPU
		{131BECD9-3B11-49EF-A412-A43B17DFCA8A}.Debug|Any CPU.ActiveCfg = Debug|Any CPU
		{131BECD9-3B11-49EF-A412-A43B17DFCA8A}.Debug|Any CPU.Build.0 = Debug|Any CPU
		{131BECD9-3B11-49EF-A412-A43B17DFCA8A}.Release|Any CPU.ActiveCfg = Release|Any CPU
		{131BECD9-3B11-49EF-A412-A43B17DFCA8A}.Release|Any CPU.Build.0 = Release|Any CPU
		{370C63FE-7A63-4E4F-B009-2C312CECF094}.Debug|Any CPU.ActiveCfg = Debug|Any CPU
		{370C63FE-7A63-4E4F-B009-2C312CECF094}.Debug|Any CPU.Build.0 = Debug|Any CPU
		{370C63FE-7A63-4E4F-B009-2C312CECF094}.Release|Any CPU.ActiveCfg = Release|Any CPU
		{370C63FE-7A63-4E4F-B009-2C312CECF094}.Release|Any CPU.Build.0 = Release|Any CPU
	EndGlobalSection
	GlobalSection(SolutionProperties) = preSolution
		HideSolutionNode = FALSE
	EndGlobalSection
	GlobalSection(ExtensibilityGlobals) = postSolution
		SolutionGuid = {DBC5CFB4-3811-4A36-AE16-592F52ADB717}
	EndGlobalSection
EndGlobal
